// !$*UTF8*$!
{
	archiveVersion = 1;
	classes = {
	};
	objectVersion = 55;
	objects = {

/* Begin PBXBuildFile section */
		68A21C4F27DD1099002BAFF7 /* GoogleService-Info.plist in Resources */ = {isa = PBXBuildFile; fileRef = 68A21C4E27DD1099002BAFF7 /* GoogleService-Info.plist */; };
		68A21C5527DD182A002BAFF7 /* FirebaseManager.swift in Sources */ = {isa = PBXBuildFile; fileRef = 68A21C5427DD182A002BAFF7 /* FirebaseManager.swift */; };
		68A21C5827DD1C57002BAFF7 /* SDWebImageSwiftUI in Frameworks */ = {isa = PBXBuildFile; productRef = 68A21C5727DD1C57002BAFF7 /* SDWebImageSwiftUI */; };
		68A21C5B27DD2361002BAFF7 /* ChatUser.swift in Sources */ = {isa = PBXBuildFile; fileRef = 68A21C5A27DD2361002BAFF7 /* ChatUser.swift */; };
		68A21C6327DD2777002BAFF7 /* FirebaseConstants.swift in Sources */ = {isa = PBXBuildFile; fileRef = 68A21C6227DD2777002BAFF7 /* FirebaseConstants.swift */; };
		68A21C6A27DD29F2002BAFF7 /* FirebaseAuth in Frameworks */ = {isa = PBXBuildFile; productRef = 68A21C6927DD29F2002BAFF7 /* FirebaseAuth */; };
		68A21C6C27DD29F2002BAFF7 /* FirebaseFirestore in Frameworks */ = {isa = PBXBuildFile; productRef = 68A21C6B27DD29F2002BAFF7 /* FirebaseFirestore */; };
		68A21C6E27DD29F2002BAFF7 /* FirebaseFirestoreSwift-Beta in Frameworks */ = {isa = PBXBuildFile; productRef = 68A21C6D27DD29F2002BAFF7 /* FirebaseFirestoreSwift-Beta */; };
		68A21C7027DD29F2002BAFF7 /* FirebaseStorage in Frameworks */ = {isa = PBXBuildFile; productRef = 68A21C6F27DD29F2002BAFF7 /* FirebaseStorage */; };
		68A21C7427DD31AF002BAFF7 /* ChatMessage.swift in Sources */ = {isa = PBXBuildFile; fileRef = 68A21C7327DD31AF002BAFF7 /* ChatMessage.swift */; };
		68A21C7627DD31B6002BAFF7 /* RecentMessage.swift in Sources */ = {isa = PBXBuildFile; fileRef = 68A21C7527DD31B6002BAFF7 /* RecentMessage.swift */; };
		68A21C7A27DD326D002BAFF7 /* ChatLogView.swift in Sources */ = {isa = PBXBuildFile; fileRef = 68A21C7927DD326D002BAFF7 /* ChatLogView.swift */; };
		68A21C7D27DD32A7002BAFF7 /* CreateNewMessageView.swift in Sources */ = {isa = PBXBuildFile; fileRef = 68A21C7C27DD32A7002BAFF7 /* CreateNewMessageView.swift */; };
		68A21C7F27DD32C7002BAFF7 /* MainMessagesView.swift in Sources */ = {isa = PBXBuildFile; fileRef = 68A21C7E27DD32C7002BAFF7 /* MainMessagesView.swift */; };
		68F431C627D4EBA9004E63AC /* MiMiChatApp.swift in Sources */ = {isa = PBXBuildFile; fileRef = 68F431C527D4EBA9004E63AC /* MiMiChatApp.swift */; };
		68F431CA27D4EBAB004E63AC /* Assets.xcassets in Resources */ = {isa = PBXBuildFile; fileRef = 68F431C927D4EBAB004E63AC /* Assets.xcassets */; };
		68F431CD27D4EBAB004E63AC /* Preview Assets.xcassets in Resources */ = {isa = PBXBuildFile; fileRef = 68F431CC27D4EBAB004E63AC /* Preview Assets.xcassets */; };
		68F431D427D4EC2D004E63AC /* LoginView.swift in Sources */ = {isa = PBXBuildFile; fileRef = 68F431D327D4EC2D004E63AC /* LoginView.swift */; };
		68F431D827D4ECB5004E63AC /* ImagePicker.swift in Sources */ = {isa = PBXBuildFile; fileRef = 68F431D727D4ECB5004E63AC /* ImagePicker.swift */; };
/* End PBXBuildFile section */

/* Begin PBXFileReference section */
		68A21C4E27DD1099002BAFF7 /* GoogleService-Info.plist */ = {isa = PBXFileReference; fileEncoding = 4; lastKnownFileType = text.plist.xml; path = "GoogleService-Info.plist"; sourceTree = "<group>"; };
		68A21C5427DD182A002BAFF7 /* FirebaseManager.swift */ = {isa = PBXFileReference; lastKnownFileType = sourcecode.swift; path = FirebaseManager.swift; sourceTree = "<group>"; };
		68A21C5A27DD2361002BAFF7 /* ChatUser.swift */ = {isa = PBXFileReference; lastKnownFileType = sourcecode.swift; path = ChatUser.swift; sourceTree = "<group>"; };
		68A21C6227DD2777002BAFF7 /* FirebaseConstants.swift */ = {isa = PBXFileReference; lastKnownFileType = sourcecode.swift; path = FirebaseConstants.swift; sourceTree = "<group>"; };
		68A21C7327DD31AF002BAFF7 /* ChatMessage.swift */ = {isa = PBXFileReference; lastKnownFileType = sourcecode.swift; path = ChatMessage.swift; sourceTree = "<group>"; };
		68A21C7527DD31B6002BAFF7 /* RecentMessage.swift */ = {isa = PBXFileReference; lastKnownFileType = sourcecode.swift; path = RecentMessage.swift; sourceTree = "<group>"; };
		68A21C7927DD326D002BAFF7 /* ChatLogView.swift */ = {isa = PBXFileReference; lastKnownFileType = sourcecode.swift; path = ChatLogView.swift; sourceTree = "<group>"; };
		68A21C7C27DD32A7002BAFF7 /* CreateNewMessageView.swift */ = {isa = PBXFileReference; lastKnownFileType = sourcecode.swift; path = CreateNewMessageView.swift; sourceTree = "<group>"; };
		68A21C7E27DD32C7002BAFF7 /* MainMessagesView.swift */ = {isa = PBXFileReference; lastKnownFileType = sourcecode.swift; path = MainMessagesView.swift; sourceTree = "<group>"; };
		68F431C227D4EBA9004E63AC /* MiMiChat.app */ = {isa = PBXFileReference; explicitFileType = wrapper.application; includeInIndex = 0; path = MiMiChat.app; sourceTree = BUILT_PRODUCTS_DIR; };
		68F431C527D4EBA9004E63AC /* MiMiChatApp.swift */ = {isa = PBXFileReference; lastKnownFileType = sourcecode.swift; path = MiMiChatApp.swift; sourceTree = "<group>"; };
		68F431C927D4EBAB004E63AC /* Assets.xcassets */ = {isa = PBXFileReference; lastKnownFileType = folder.assetcatalog; path = Assets.xcassets; sourceTree = "<group>"; };
		68F431CC27D4EBAB004E63AC /* Preview Assets.xcassets */ = {isa = PBXFileReference; lastKnownFileType = folder.assetcatalog; path = "Preview Assets.xcassets"; sourceTree = "<group>"; };
		68F431D327D4EC2D004E63AC /* LoginView.swift */ = {isa = PBXFileReference; lastKnownFileType = sourcecode.swift; path = LoginView.swift; sourceTree = "<group>"; };
		68F431D727D4ECB5004E63AC /* ImagePicker.swift */ = {isa = PBXFileReference; lastKnownFileType = sourcecode.swift; path = ImagePicker.swift; sourceTree = "<group>"; };
/* End PBXFileReference section */

/* Begin PBXFrameworksBuildPhase section */
		68F431BF27D4EBA9004E63AC /* Frameworks */ = {
			isa = PBXFrameworksBuildPhase;
			buildActionMask = 2147483647;
			files = (
				68A21C5827DD1C57002BAFF7 /* SDWebImageSwiftUI in Frameworks */,
				68A21C6E27DD29F2002BAFF7 /* FirebaseFirestoreSwift-Beta in Frameworks */,
				68A21C6A27DD29F2002BAFF7 /* FirebaseAuth in Frameworks */,
				68A21C7027DD29F2002BAFF7 /* FirebaseStorage in Frameworks */,
				68A21C6C27DD29F2002BAFF7 /* FirebaseFirestore in Frameworks */,
			);
			runOnlyForDeploymentPostprocessing = 0;
		};
/* End PBXFrameworksBuildPhase section */

/* Begin PBXGroup section */
		68A21C5327DD1820002BAFF7 /* Utils */ = {
			isa = PBXGroup;
			children = (
				68A21C5427DD182A002BAFF7 /* FirebaseManager.swift */,
				68A21C6227DD2777002BAFF7 /* FirebaseConstants.swift */,
			);
			path = Utils;
			sourceTree = "<group>";
		};
		68A21C5927DD2353002BAFF7 /* Model */ = {
			isa = PBXGroup;
			children = (
				68A21C5A27DD2361002BAFF7 /* ChatUser.swift */,
				68A21C7327DD31AF002BAFF7 /* ChatMessage.swift */,
				68A21C7527DD31B6002BAFF7 /* RecentMessage.swift */,
			);
			path = Model;
			sourceTree = "<group>";
		};
		68A21C7727DD3239002BAFF7 /* MainMessages */ = {
			isa = PBXGroup;
			children = (
				68A21C7B27DD328B002BAFF7 /* NewMessage */,
				68A21C7827DD325F002BAFF7 /* Chat */,
				68A21C7E27DD32C7002BAFF7 /* MainMessagesView.swift */,
			);
			path = MainMessages;
			sourceTree = "<group>";
		};
		68A21C7827DD325F002BAFF7 /* Chat */ = {
			isa = PBXGroup;
			children = (
				68A21C7927DD326D002BAFF7 /* ChatLogView.swift */,
			);
			path = Chat;
			sourceTree = "<group>";
		};
		68A21C7B27DD328B002BAFF7 /* NewMessage */ = {
			isa = PBXGroup;
			children = (
				68A21C7C27DD32A7002BAFF7 /* CreateNewMessageView.swift */,
			);
			path = NewMessage;
			sourceTree = "<group>";
		};
		68F431B927D4EBA9004E63AC = {
			isa = PBXGroup;
			children = (
				68F431C427D4EBA9004E63AC /* MiMiChat */,
				68F431C327D4EBA9004E63AC /* Products */,
			);
			sourceTree = "<group>";
		};
		68F431C327D4EBA9004E63AC /* Products */ = {
			isa = PBXGroup;
			children = (
				68F431C227D4EBA9004E63AC /* MiMiChat.app */,
			);
			name = Products;
			sourceTree = "<group>";
		};
		68F431C427D4EBA9004E63AC /* MiMiChat */ = {
			isa = PBXGroup;
			children = (
				68A21C5927DD2353002BAFF7 /* Model */,
				68A21C5327DD1820002BAFF7 /* Utils */,
				68A21C7727DD3239002BAFF7 /* MainMessages */,
				68F431C527D4EBA9004E63AC /* MiMiChatApp.swift */,
				68F431D327D4EC2D004E63AC /* LoginView.swift */,
				68F431D727D4ECB5004E63AC /* ImagePicker.swift */,
				68A21C4E27DD1099002BAFF7 /* GoogleService-Info.plist */,
				68F431C927D4EBAB004E63AC /* Assets.xcassets */,
				68F431CB27D4EBAB004E63AC /* Preview Content */,
			);
			path = MiMiChat;
			sourceTree = "<group>";
		};
		68F431CB27D4EBAB004E63AC /* Preview Content */ = {
			isa = PBXGroup;
			children = (
				68F431CC27D4EBAB004E63AC /* Preview Assets.xcassets */,
			);
			path = "Preview Content";
			sourceTree = "<group>";
		};
/* End PBXGroup section */

/* Begin PBXNativeTarget section */
		68F431C127D4EBA9004E63AC /* MiMiChat */ = {
			isa = PBXNativeTarget;
			buildConfigurationList = 68F431D027D4EBAB004E63AC /* Build configuration list for PBXNativeTarget "MiMiChat" */;
			buildPhases = (
				68F431BE27D4EBA9004E63AC /* Sources */,
				68F431BF27D4EBA9004E63AC /* Frameworks */,
				68F431C027D4EBA9004E63AC /* Resources */,
			);
			buildRules = (
			);
			dependencies = (
			);
			name = MiMiChat;
			packageProductDependencies = (
				68A21C5727DD1C57002BAFF7 /* SDWebImageSwiftUI */,
				68A21C6927DD29F2002BAFF7 /* FirebaseAuth */,
				68A21C6B27DD29F2002BAFF7 /* FirebaseFirestore */,
				68A21C6D27DD29F2002BAFF7 /* FirebaseFirestoreSwift-Beta */,
				68A21C6F27DD29F2002BAFF7 /* FirebaseStorage */,
			);
			productName = MiMiChat;
			productReference = 68F431C227D4EBA9004E63AC /* MiMiChat.app */;
			productType = "com.apple.product-type.application";
		};
/* End PBXNativeTarget section */

/* Begin PBXProject section */
		68F431BA27D4EBA9004E63AC /* Project object */ = {
			isa = PBXProject;
			attributes = {
				BuildIndependentTargetsInParallel = 1;
				LastSwiftUpdateCheck = 1320;
				LastUpgradeCheck = 1320;
				TargetAttributes = {
					68F431C127D4EBA9004E63AC = {
						CreatedOnToolsVersion = 13.2.1;
					};
				};
			};
			buildConfigurationList = 68F431BD27D4EBA9004E63AC /* Build configuration list for PBXProject "MiMiChat" */;
			compatibilityVersion = "Xcode 13.0";
			developmentRegion = en;
			hasScannedForEncodings = 0;
			knownRegions = (
				en,
				Base,
			);
			mainGroup = 68F431B927D4EBA9004E63AC;
			packageReferences = (
				68A21C5627DD1C57002BAFF7 /* XCRemoteSwiftPackageReference "SDWebImageSwiftUI" */,
				68A21C6827DD29F2002BAFF7 /* XCRemoteSwiftPackageReference "firebase-ios-sdk" */,
			);
			productRefGroup = 68F431C327D4EBA9004E63AC /* Products */;
			projectDirPath = "";
			projectRoot = "";
			targets = (
				68F431C127D4EBA9004E63AC /* MiMiChat */,
			);
		};
/* End PBXProject section */

/* Begin PBXResourcesBuildPhase section */
		68F431C027D4EBA9004E63AC /* Resources */ = {
			isa = PBXResourcesBuildPhase;
			buildActionMask = 2147483647;
			files = (
				68F431CD27D4EBAB004E63AC /* Preview Assets.xcassets in Resources */,
				68A21C4F27DD1099002BAFF7 /* GoogleService-Info.plist in Resources */,
				68F431CA27D4EBAB004E63AC /* Assets.xcassets in Resources */,
			);
			runOnlyForDeploymentPostprocessing = 0;
		};
/* End PBXResourcesBuildPhase section */

/* Begin PBXSourcesBuildPhase section */
		68F431BE27D4EBA9004E63AC /* Sources */ = {
			isa = PBXSourcesBuildPhase;
			buildActionMask = 2147483647;
			files = (
				68A21C5B27DD2361002BAFF7 /* ChatUser.swift in Sources */,
				68F431D827D4ECB5004E63AC /* ImagePicker.swift in Sources */,
				68F431D427D4EC2D004E63AC /* LoginView.swift in Sources */,
				68A21C5527DD182A002BAFF7 /* FirebaseManager.swift in Sources */,
				68A21C7A27DD326D002BAFF7 /* ChatLogView.swift in Sources */,
				68A21C6327DD2777002BAFF7 /* FirebaseConstants.swift in Sources */,
				68F431C627D4EBA9004E63AC /* MiMiChatApp.swift in Sources */,
				68A21C7D27DD32A7002BAFF7 /* CreateNewMessageView.swift in Sources */,
				68A21C7427DD31AF002BAFF7 /* ChatMessage.swift in Sources */,
				68A21C7627DD31B6002BAFF7 /* RecentMessage.swift in Sources */,
				68A21C7F27DD32C7002BAFF7 /* MainMessagesView.swift in Sources */,
			);
			runOnlyForDeploymentPostprocessing = 0;
		};
/* End PBXSourcesBuildPhase section */

/* Begin XCBuildConfiguration section */
		68F431CE27D4EBAB004E63AC /* Debug */ = {
			isa = XCBuildConfiguration;
			buildSettings = {
				ALWAYS_SEARCH_USER_PATHS = NO;
				CLANG_ANALYZER_NONNULL = YES;
				CLANG_ANALYZER_NUMBER_OBJECT_CONVERSION = YES_AGGRESSIVE;
				CLANG_CXX_LANGUAGE_STANDARD = "gnu++17";
				CLANG_CXX_LIBRARY = "libc++";
				CLANG_ENABLE_MODULES = YES;
				CLANG_ENABLE_OBJC_ARC = YES;
				CLANG_ENABLE_OBJC_WEAK = YES;
				CLANG_WARN_BLOCK_CAPTURE_AUTORELEASING = YES;
				CLANG_WARN_BOOL_CONVERSION = YES;
				CLANG_WARN_COMMA = YES;
				CLANG_WARN_CONSTANT_CONVERSION = YES;
				CLANG_WARN_DEPRECATED_OBJC_IMPLEMENTATIONS = YES;
				CLANG_WARN_DIRECT_OBJC_ISA_USAGE = YES_ERROR;
				CLANG_WARN_DOCUMENTATION_COMMENTS = YES;
				CLANG_WARN_EMPTY_BODY = YES;
				CLANG_WARN_ENUM_CONVERSION = YES;
				CLANG_WARN_INFINITE_RECURSION = YES;
				CLANG_WARN_INT_CONVERSION = YES;
				CLANG_WARN_NON_LITERAL_NULL_CONVERSION = YES;
				CLANG_WARN_OBJC_IMPLICIT_RETAIN_SELF = YES;
				CLANG_WARN_OBJC_LITERAL_CONVERSION = YES;
				CLANG_WARN_OBJC_ROOT_CLASS = YES_ERROR;
				CLANG_WARN_QUOTED_INCLUDE_IN_FRAMEWORK_HEADER = YES;
				CLANG_WARN_RANGE_LOOP_ANALYSIS = YES;
				CLANG_WARN_STRICT_PROTOTYPES = YES;
				CLANG_WARN_SUSPICIOUS_MOVE = YES;
				CLANG_WARN_UNGUARDED_AVAILABILITY = YES_AGGRESSIVE;
				CLANG_WARN_UNREACHABLE_CODE = YES;
				CLANG_WARN__DUPLICATE_METHOD_MATCH = YES;
				COPY_PHASE_STRIP = NO;
				DEBUG_INFORMATION_FORMAT = dwarf;
				ENABLE_STRICT_OBJC_MSGSEND = YES;
				ENABLE_TESTABILITY = YES;
				GCC_C_LANGUAGE_STANDARD = gnu11;
				GCC_DYNAMIC_NO_PIC = NO;
				GCC_NO_COMMON_BLOCKS = YES;
				GCC_OPTIMIZATION_LEVEL = 0;
				GCC_PREPROCESSOR_DEFINITIONS = (
					"DEBUG=1",
					"$(inherited)",
				);
				GCC_WARN_64_TO_32_BIT_CONVERSION = YES;
				GCC_WARN_ABOUT_RETURN_TYPE = YES_ERROR;
				GCC_WARN_UNDECLARED_SELECTOR = YES;
				GCC_WARN_UNINITIALIZED_AUTOS = YES_AGGRESSIVE;
				GCC_WARN_UNUSED_FUNCTION = YES;
				GCC_WARN_UNUSED_VARIABLE = YES;
				IPHONEOS_DEPLOYMENT_TARGET = 15.2;
				MTL_ENABLE_DEBUG_INFO = INCLUDE_SOURCE;
				MTL_FAST_MATH = YES;
				ONLY_ACTIVE_ARCH = YES;
				SDKROOT = iphoneos;
				SWIFT_ACTIVE_COMPILATION_CONDITIONS = DEBUG;
				SWIFT_OPTIMIZATION_LEVEL = "-Onone";
			};
			name = Debug;
		};
		68F431CF27D4EBAB004E63AC /* Release */ = {
			isa = XCBuildConfiguration;
			buildSettings = {
				ALWAYS_SEARCH_USER_PATHS = NO;
				CLANG_ANALYZER_NONNULL = YES;
				CLANG_ANALYZER_NUMBER_OBJECT_CONVERSION = YES_AGGRESSIVE;
				CLANG_CXX_LANGUAGE_STANDARD = "gnu++17";
				CLANG_CXX_LIBRARY = "libc++";
				CLANG_ENABLE_MODULES = YES;
				CLANG_ENABLE_OBJC_ARC = YES;
				CLANG_ENABLE_OBJC_WEAK = YES;
				CLANG_WARN_BLOCK_CAPTURE_AUTORELEASING = YES;
				CLANG_WARN_BOOL_CONVERSION = YES;
				CLANG_WARN_COMMA = YES;
				CLANG_WARN_CONSTANT_CONVERSION = YES;
				CLANG_WARN_DEPRECATED_OBJC_IMPLEMENTATIONS = YES;
				CLANG_WARN_DIRECT_OBJC_ISA_USAGE = YES_ERROR;
				CLANG_WARN_DOCUMENTATION_COMMENTS = YES;
				CLANG_WARN_EMPTY_BODY = YES;
				CLANG_WARN_ENUM_CONVERSION = YES;
				CLANG_WARN_INFINITE_RECURSION = YES;
				CLANG_WARN_INT_CONVERSION = YES;
				CLANG_WARN_NON_LITERAL_NULL_CONVERSION = YES;
				CLANG_WARN_OBJC_IMPLICIT_RETAIN_SELF = YES;
				CLANG_WARN_OBJC_LITERAL_CONVERSION = YES;
				CLANG_WARN_OBJC_ROOT_CLASS = YES_ERROR;
				CLANG_WARN_QUOTED_INCLUDE_IN_FRAMEWORK_HEADER = YES;
				CLANG_WARN_RANGE_LOOP_ANALYSIS = YES;
				CLANG_WARN_STRICT_PROTOTYPES = YES;
				CLANG_WARN_SUSPICIOUS_MOVE = YES;
				CLANG_WARN_UNGUARDED_AVAILABILITY = YES_AGGRESSIVE;
				CLANG_WARN_UNREACHABLE_CODE = YES;
				CLANG_WARN__DUPLICATE_METHOD_MATCH = YES;
				COPY_PHASE_STRIP = NO;
				DEBUG_INFORMATION_FORMAT = "dwarf-with-dsym";
				ENABLE_NS_ASSERTIONS = NO;
				ENABLE_STRICT_OBJC_MSGSEND = YES;
				GCC_C_LANGUAGE_STANDARD = gnu11;
				GCC_NO_COMMON_BLOCKS = YES;
				GCC_WARN_64_TO_32_BIT_CONVERSION = YES;
				GCC_WARN_ABOUT_RETURN_TYPE = YES_ERROR;
				GCC_WARN_UNDECLARED_SELECTOR = YES;
				GCC_WARN_UNINITIALIZED_AUTOS = YES_AGGRESSIVE;
				GCC_WARN_UNUSED_FUNCTION = YES;
				GCC_WARN_UNUSED_VARIABLE = YES;
				IPHONEOS_DEPLOYMENT_TARGET = 15.2;
				MTL_ENABLE_DEBUG_INFO = NO;
				MTL_FAST_MATH = YES;
				SDKROOT = iphoneos;
				SWIFT_COMPILATION_MODE = wholemodule;
				SWIFT_OPTIMIZATION_LEVEL = "-O";
				VALIDATE_PRODUCT = YES;
			};
			name = Release;
		};
		68F431D127D4EBAB004E63AC /* Debug */ = {
			isa = XCBuildConfiguration;
			buildSettings = {
				ASSETCATALOG_COMPILER_APPICON_NAME = AppIcon;
				ASSETCATALOG_COMPILER_GLOBAL_ACCENT_COLOR_NAME = AccentColor;
				CODE_SIGN_STYLE = Automatic;
				CURRENT_PROJECT_VERSION = 1;
				DEVELOPMENT_ASSET_PATHS = "\"MiMiChat/Preview Content\"";
				ENABLE_PREVIEWS = YES;
				GENERATE_INFOPLIST_FILE = YES;
				INFOPLIST_KEY_UIApplicationSceneManifest_Generation = YES;
				INFOPLIST_KEY_UIApplicationSupportsIndirectInputEvents = YES;
				INFOPLIST_KEY_UILaunchScreen_Generation = YES;
				INFOPLIST_KEY_UISupportedInterfaceOrientations_iPad = "UIInterfaceOrientationPortrait UIInterfaceOrientationPortraitUpsideDown UIInterfaceOrientationLandscapeLeft UIInterfaceOrientationLandscapeRight";
				INFOPLIST_KEY_UISupportedInterfaceOrientations_iPhone = "UIInterfaceOrientationPortrait UIInterfaceOrientationLandscapeLeft UIInterfaceOrientationLandscapeRight";
				LD_RUNPATH_SEARCH_PATHS = (
					"$(inherited)",
					"@executable_path/Frameworks",
				);
				MARKETING_VERSION = 1.0;
				PRODUCT_BUNDLE_IDENTIFIER = kayesokua.MiMiChat;
				PRODUCT_NAME = "$(TARGET_NAME)";
				SWIFT_EMIT_LOC_STRINGS = YES;
				SWIFT_VERSION = 5.0;
				TARGETED_DEVICE_FAMILY = "1,2";
			};
			name = Debug;
		};
		68F431D227D4EBAB004E63AC /* Release */ = {
			isa = XCBuildConfiguration;
			buildSettings = {
				ASSETCATALOG_COMPILER_APPICON_NAME = AppIcon;
				ASSETCATALOG_COMPILER_GLOBAL_ACCENT_COLOR_NAME = AccentColor;
				CODE_SIGN_STYLE = Automatic;
				CURRENT_PROJECT_VERSION = 1;
				DEVELOPMENT_ASSET_PATHS = "\"MiMiChat/Preview Content\"";
				ENABLE_PREVIEWS = YES;
				GENERATE_INFOPLIST_FILE = YES;
				INFOPLIST_KEY_UIApplicationSceneManifest_Generation = YES;
				INFOPLIST_KEY_UIApplicationSupportsIndirectInputEvents = YES;
				INFOPLIST_KEY_UILaunchScreen_Generation = YES;
				INFOPLIST_KEY_UISupportedInterfaceOrientations_iPad = "UIInterfaceOrientationPortrait UIInterfaceOrientationPortraitUpsideDown UIInterfaceOrientationLandscapeLeft UIInterfaceOrientationLandscapeRight";
				INFOPLIST_KEY_UISupportedInterfaceOrientations_iPhone = "UIInterfaceOrientationPortrait UIInterfaceOrientationLandscapeLeft UIInterfaceOrientationLandscapeRight";
				LD_RUNPATH_SEARCH_PATHS = (
					"$(inherited)",
					"@executable_path/Frameworks",
				);
				MARKETING_VERSION = 1.0;
				PRODUCT_BUNDLE_IDENTIFIER = kayesokua.MiMiChat;
				PRODUCT_NAME = "$(TARGET_NAME)";
				SWIFT_EMIT_LOC_STRINGS = YES;
				SWIFT_VERSION = 5.0;
				TARGETED_DEVICE_FAMILY = "1,2";
			};
			name = Release;
		};
/* End XCBuildConfiguration section */

/* Begin XCConfigurationList section */
		68F431BD27D4EBA9004E63AC /* Build configuration list for PBXProject "MiMiChat" */ = {
			isa = XCConfigurationList;
			buildConfigurations = (
				68F431CE27D4EBAB004E63AC /* Debug */,
				68F431CF27D4EBAB004E63AC /* Release */,
			);
			defaultConfigurationIsVisible = 0;
			defaultConfigurationName = Release;
		};
		68F431D027D4EBAB004E63AC /* Build configuration list for PBXNativeTarget "MiMiChat" */ = {
			isa = XCConfigurationList;
			buildConfigurations = (
				68F431D127D4EBAB004E63AC /* Debug */,
				68F431D227D4EBAB004E63AC /* Release */,
			);
			defaultConfigurationIsVisible = 0;
			defaultConfigurationName = Release;
		};
/* End XCConfigurationList section */

/* Begin XCRemoteSwiftPackageReference section */
		68A21C5627DD1C57002BAFF7 /* XCRemoteSwiftPackageReference "SDWebImageSwiftUI" */ = {
			isa = XCRemoteSwiftPackageReference;
			repositoryURL = "https://github.com/SDWebImage/SDWebImageSwiftUI";
			requirement = {
				kind = upToNextMajorVersion;
				minimumVersion = 2.0.0;
			};
		};
		68A21C6827DD29F2002BAFF7 /* XCRemoteSwiftPackageReference "firebase-ios-sdk" */ = {
			isa = XCRemoteSwiftPackageReference;
			repositoryURL = "https://github.com/firebase/firebase-ios-sdk.git";
			requirement = {
				branch = master;
				kind = branch;
			};
		};
/* End XCRemoteSwiftPackageReference section */

/* Begin XCSwiftPackageProductDependency section */
		68A21C5727DD1C57002BAFF7 /* SDWebImageSwiftUI */ = {
			isa = XCSwiftPackageProductDependency;
			package = 68A21C5627DD1C57002BAFF7 /* XCRemoteSwiftPackageReference "SDWebImageSwiftUI" */;
			productName = SDWebImageSwiftUI;
		};
		68A21C6927DD29F2002BAFF7 /* FirebaseAuth */ = {
			isa = XCSwiftPackageProductDependency;
			package = 68A21C6827DD29F2002BAFF7 /* XCRemoteSwiftPackageReference "firebase-ios-sdk" */;
			productName = FirebaseAuth;
		};
		68A21C6B27DD29F2002BAFF7 /* FirebaseFirestore */ = {
			isa = XCSwiftPackageProductDependency;
			package = 68A21C6827DD29F2002BAFF7 /* XCRemoteSwiftPackageReference "firebase-ios-sdk" */;
			productName = FirebaseFirestore;
		};
		68A21C6D27DD29F2002BAFF7 /* FirebaseFirestoreSwift-Beta */ = {
			isa = XCSwiftPackageProductDependency;
			package = 68A21C6827DD29F2002BAFF7 /* XCRemoteSwiftPackageReference "firebase-ios-sdk" */;
			productName = "FirebaseFirestoreSwift-Beta";
		};
		68A21C6F27DD29F2002BAFF7 /* FirebaseStorage */ = {
			isa = XCSwiftPackageProductDependency;
			package = 68A21C6827DD29F2002BAFF7 /* XCRemoteSwiftPackageReference "firebase-ios-sdk" */;
			productName = FirebaseStorage;
		};
/* End XCSwiftPackageProductDependency section */
	};
	rootObject = 68F431BA27D4EBA9004E63AC /* Project object */;
}
